
Microsoft Visual Studio Solution File, Format Version 12.00
# Visual Studio Version 16
VisualStudioVersion = 16.0.30128.74
MinimumVisualStudioVersion = 10.0.40219.1
Project("{9A19103F-16F7-4668-BE54-9A1E7A4F7556}") = "dmdp_sln_1", "dmdp_sln_1.csproj", "{F157CEA9-6FDD-43E8-AB9F-8B267868D30A}"
EndProject
Project("{9A19103F-16F7-4668-BE54-9A1E7A4F7556}") = "dmdp.Entities", "..\dmdp.Entities\dmdp.Entities.csproj", "{FDED42DF-FDB1-4835-913E-D6324AE42ECC}"
EndProject
Project("{9A19103F-16F7-4668-BE54-9A1E7A4F7556}") = "dmdp.Services", "..\dmdp.Services\dmdp.Services.csproj", "{260C27DB-AB59-44B2-AB31-B957972B88BB}"
EndProject
Project("{9A19103F-16F7-4668-BE54-9A1E7A4F7556}") = "dmdp.Repository", "..\dmdp.Repository\dmdp.Repository.csproj", "{7EEAD29C-F505-4A0F-BB6A-0E799B059A5A}"
EndProject
Project("{9A19103F-16F7-4668-BE54-9A1E7A4F7556}") = "dmdp.NUnitTest", "..\dmdp.NUnitTest\dmdp.NUnitTest.csproj", "{26188C27-FCF7-4390-BBFE-E2CA881336C8}"
EndProject
Project("{FAE04EC0-301F-11D3-BF4B-00C04F79EFBC}") = "dmdp.common", "..\dmdp.common\dmdp.common.csproj", "{9896A5B9-A936-423F-B116-A73B198090B2}"
EndProject
Global
	GlobalSection(SolutionConfigurationPlatforms) = preSolution
		Debug|Any CPU = Debug|Any CPU
		Release|Any CPU = Release|Any CPU
	EndGlobalSection
	GlobalSection(ProjectConfigurationPlatforms) = postSolution
		{F157CEA9-6FDD-43E8-AB9F-8B267868D30A}.Debug|Any CPU.ActiveCfg = Debug|Any CPU
		{F157CEA9-6FDD-43E8-AB9F-8B267868D30A}.Debug|Any CPU.Build.0 = Debug|Any CPU
		{F157CEA9-6FDD-43E8-AB9F-8B267868D30A}.Release|Any CPU.ActiveCfg = Release|Any CPU
		{F157CEA9-6FDD-43E8-AB9F-8B267868D30A}.Release|Any CPU.Build.0 = Release|Any CPU
		{FDED42DF-FDB1-4835-913E-D6324AE42ECC}.Debug|Any CPU.ActiveCfg = Debug|Any CPU
		{FDED42DF-FDB1-4835-913E-D6324AE42ECC}.Debug|Any CPU.Build.0 = Debug|Any CPU
		{FDED42DF-FDB1-4835-913E-D6324AE42ECC}.Release|Any CPU.ActiveCfg = Release|Any CPU
		{FDED42DF-FDB1-4835-913E-D6324AE42ECC}.Release|Any CPU.Build.0 = Release|Any CPU
		{260C27DB-AB59-44B2-AB31-B957972B88BB}.Debug|Any CPU.ActiveCfg = Debug|Any CPU
		{260C27DB-AB59-44B2-AB31-B957972B88BB}.Debug|Any CPU.Build.0 = Debug|Any CPU
		{260C27DB-AB59-44B2-AB31-B957972B88BB}.Release|Any CPU.ActiveCfg = Release|Any CPU
		{260C27DB-AB59-44B2-AB31-B957972B88BB}.Release|Any CPU.Build.0 = Release|Any CPU
		{7EEAD29C-F505-4A0F-BB6A-0E799B059A5A}.Debug|Any CPU.ActiveCfg = Debug|Any CPU
		{7EEAD29C-F505-4A0F-BB6A-0E799B059A5A}.Debug|Any CPU.Build.0 = Debug|Any CPU
		{7EEAD29C-F505-4A0F-BB6A-0E799B059A5A}.Release|Any CPU.ActiveCfg = Release|Any CPU
		{7EEAD29C-F505-4A0F-BB6A-0E799B059A5A}.Release|Any CPU.Build.0 = Release|Any CPU
		{26188C27-FCF7-4390-BBFE-E2CA881336C8}.Debug|Any CPU.ActiveCfg = Debug|Any CPU
		{26188C27-FCF7-4390-BBFE-E2CA881336C8}.Debug|Any CPU.Build.0 = Debug|Any CPU
		{26188C27-FCF7-4390-BBFE-E2CA881336C8}.Release|Any CPU.ActiveCfg = Release|Any CPU
		{26188C27-FCF7-4390-BBFE-E2CA881336C8}.Release|Any CPU.Build.0 = Release|Any CPU
		{9896A5B9-A936-423F-B116-A73B198090B2}.Debug|Any CPU.ActiveCfg = Debug|Any CPU
		{9896A5B9-A936-423F-B116-A73B198090B2}.Debug|Any CPU.Build.0 = Debug|Any CPU
		{9896A5B9-A936-423F-B116-A73B198090B2}.Release|Any CPU.ActiveCfg = Release|Any CPU
		{9896A5B9-A936-423F-B116-A73B198090B2}.Release|Any CPU.Build.0 = Release|Any CPU
	EndGlobalSection
	GlobalSection(SolutionProperties) = preSolution
		HideSolutionNode = FALSE
	EndGlobalSection
	GlobalSection(ExtensibilityGlobals) = postSolution
		SolutionGuid = {40C99EC8-581E-4F04-8DC3-9C83AAE9FFAD}
	EndGlobalSection
EndGlobal
